// !$*UTF8*$!
{
	archiveVersion = 1;
	classes = {
	};
	objectVersion = 50;
	objects = {

/* Begin PBXBuildFile section */
		7085FC4C252D71C300925E56 /* AppDelegate.swift in Sources */ = {isa = PBXBuildFile; fileRef = 7085FC4B252D71C300925E56 /* AppDelegate.swift */; };
		7085FC4E252D71C300925E56 /* SceneDelegate.swift in Sources */ = {isa = PBXBuildFile; fileRef = 7085FC4D252D71C300925E56 /* SceneDelegate.swift */; };
		7085FC50252D71C300925E56 /* LandmarkDetail.swift in Sources */ = {isa = PBXBuildFile; fileRef = 7085FC4F252D71C300925E56 /* LandmarkDetail.swift */; };
		7085FC52252D71C500925E56 /* Assets.xcassets in Resources */ = {isa = PBXBuildFile; fileRef = 7085FC51252D71C500925E56 /* Assets.xcassets */; };
		7085FC55252D71C500925E56 /* Preview Assets.xcassets in Resources */ = {isa = PBXBuildFile; fileRef = 7085FC54252D71C500925E56 /* Preview Assets.xcassets */; };
		7085FC58252D71C500925E56 /* LaunchScreen.storyboard in Resources */ = {isa = PBXBuildFile; fileRef = 7085FC56252D71C500925E56 /* LaunchScreen.storyboard */; };
		7085FC60252D737E00925E56 /* CircleImage.swift in Sources */ = {isa = PBXBuildFile; fileRef = 7085FC5F252D737E00925E56 /* CircleImage.swift */; };
		7085FC62252D742A00925E56 /* MapView.swift in Sources */ = {isa = PBXBuildFile; fileRef = 7085FC61252D742A00925E56 /* MapView.swift */; };
		7085FC68252D77F100925E56 /* LandmarkRow.swift in Sources */ = {isa = PBXBuildFile; fileRef = 7085FC67252D77F100925E56 /* LandmarkRow.swift */; };
		70A2773C252EAAD2006B367C /* Data.swift in Sources */ = {isa = PBXBuildFile; fileRef = 70A2773A252EAAD2006B367C /* Data.swift */; };
		70A2773D252EAAD2006B367C /* Landmark.swift in Sources */ = {isa = PBXBuildFile; fileRef = 70A2773B252EAAD2006B367C /* Landmark.swift */; };
		70A2774C252EAAE8006B367C /* charleyrivers.jpg in Resources */ = {isa = PBXBuildFile; fileRef = 70A2773F252EAAE8006B367C /* charleyrivers.jpg */; };
		70A2774D252EAAE8006B367C /* turtlerock.jpg in Resources */ = {isa = PBXBuildFile; fileRef = 70A27740252EAAE8006B367C /* turtlerock.jpg */; };
		70A2774E252EAAE8006B367C /* silversalmoncreek.jpg in Resources */ = {isa = PBXBuildFile; fileRef = 70A27741252EAAE8006B367C /* silversalmoncreek.jpg */; };
		70A2774F252EAAE8006B367C /* icybay.jpg in Resources */ = {isa = PBXBuildFile; fileRef = 70A27742252EAAE8006B367C /* icybay.jpg */; };
		70A27750252EAAE8006B367C /* lakemcdonald.jpg in Resources */ = {isa = PBXBuildFile; fileRef = 70A27743252EAAE8006B367C /* lakemcdonald.jpg */; };
		70A27751252EAAE8006B367C /* hiddenlake.jpg in Resources */ = {isa = PBXBuildFile; fileRef = 70A27744252EAAE8006B367C /* hiddenlake.jpg */; };
		70A27752252EAAE8006B367C /* twinlake.jpg in Resources */ = {isa = PBXBuildFile; fileRef = 70A27745252EAAE8006B367C /* twinlake.jpg */; };
		70A27753252EAAE8006B367C /* umbagog.jpg in Resources */ = {isa = PBXBuildFile; fileRef = 70A27746252EAAE8006B367C /* umbagog.jpg */; };
		70A27754252EAAE8006B367C /* landmarkData.json in Resources */ = {isa = PBXBuildFile; fileRef = 70A27747252EAAE8006B367C /* landmarkData.json */; };
		70A27755252EAAE8006B367C /* chincoteague.jpg in Resources */ = {isa = PBXBuildFile; fileRef = 70A27748252EAAE8006B367C /* chincoteague.jpg */; };
		70A27756252EAAE8006B367C /* stmarylake.jpg in Resources */ = {isa = PBXBuildFile; fileRef = 70A27749252EAAE8006B367C /* stmarylake.jpg */; };
		70A27757252EAAE8006B367C /* chilkoottrail.jpg in Resources */ = {isa = PBXBuildFile; fileRef = 70A2774A252EAAE8006B367C /* chilkoottrail.jpg */; };
		70A27758252EAAE8006B367C /* rainbowlake.jpg in Resources */ = {isa = PBXBuildFile; fileRef = 70A2774B252EAAE8006B367C /* rainbowlake.jpg */; };
		70FACE3E252D8279008E2F0C /* LandmarkList.swift in Sources */ = {isa = PBXBuildFile; fileRef = 70FACE3D252D8279008E2F0C /* LandmarkList.swift */; };
/* End PBXBuildFile section */

/* Begin PBXFileReference section */
		7085FC48252D71C300925E56 /* landmarks.app */ = {isa = PBXFileReference; explicitFileType = wrapper.application; includeInIndex = 0; path = landmarks.app; sourceTree = BUILT_PRODUCTS_DIR; };
		7085FC4B252D71C300925E56 /* AppDelegate.swift */ = {isa = PBXFileReference; lastKnownFileType = sourcecode.swift; path = AppDelegate.swift; sourceTree = "<group>"; };
		7085FC4D252D71C300925E56 /* SceneDelegate.swift */ = {isa = PBXFileReference; lastKnownFileType = sourcecode.swift; path = SceneDelegate.swift; sourceTree = "<group>"; };
		7085FC4F252D71C300925E56 /* LandmarkDetail.swift */ = {isa = PBXFileReference; lastKnownFileType = sourcecode.swift; path = LandmarkDetail.swift; sourceTree = "<group>"; };
		7085FC51252D71C500925E56 /* Assets.xcassets */ = {isa = PBXFileReference; lastKnownFileType = folder.assetcatalog; path = Assets.xcassets; sourceTree = "<group>"; };
		7085FC54252D71C500925E56 /* Preview Assets.xcassets */ = {isa = PBXFileReference; lastKnownFileType = folder.assetcatalog; path = "Preview Assets.xcassets"; sourceTree = "<group>"; };
		7085FC57252D71C500925E56 /* Base */ = {isa = PBXFileReference; lastKnownFileType = file.storyboard; name = Base; path = Base.lproj/LaunchScreen.storyboard; sourceTree = "<group>"; };
		7085FC59252D71C500925E56 /* Info.plist */ = {isa = PBXFileReference; lastKnownFileType = text.plist.xml; path = Info.plist; sourceTree = "<group>"; };
		7085FC5F252D737E00925E56 /* CircleImage.swift */ = {isa = PBXFileReference; lastKnownFileType = sourcecode.swift; path = CircleImage.swift; sourceTree = "<group>"; };
		7085FC61252D742A00925E56 /* MapView.swift */ = {isa = PBXFileReference; lastKnownFileType = sourcecode.swift; path = MapView.swift; sourceTree = "<group>"; };
		7085FC67252D77F100925E56 /* LandmarkRow.swift */ = {isa = PBXFileReference; lastKnownFileType = sourcecode.swift; path = LandmarkRow.swift; sourceTree = "<group>"; };
		70A2773A252EAAD2006B367C /* Data.swift */ = {isa = PBXFileReference; fileEncoding = 4; lastKnownFileType = sourcecode.swift; path = Data.swift; sourceTree = "<group>"; };
		70A2773B252EAAD2006B367C /* Landmark.swift */ = {isa = PBXFileReference; fileEncoding = 4; lastKnownFileType = sourcecode.swift; path = Landmark.swift; sourceTree = "<group>"; };
		70A2773F252EAAE8006B367C /* charleyrivers.jpg */ = {isa = PBXFileReference; lastKnownFileType = image.jpeg; path = charleyrivers.jpg; sourceTree = "<group>"; };
		70A27740252EAAE8006B367C /* turtlerock.jpg */ = {isa = PBXFileReference; lastKnownFileType = image.jpeg; path = turtlerock.jpg; sourceTree = "<group>"; };
		70A27741252EAAE8006B367C /* silversalmoncreek.jpg */ = {isa = PBXFileReference; lastKnownFileType = image.jpeg; path = silversalmoncreek.jpg; sourceTree = "<group>"; };
		70A27742252EAAE8006B367C /* icybay.jpg */ = {isa = PBXFileReference; lastKnownFileType = image.jpeg; path = icybay.jpg; sourceTree = "<group>"; };
		70A27743252EAAE8006B367C /* lakemcdonald.jpg */ = {isa = PBXFileReference; lastKnownFileType = image.jpeg; path = lakemcdonald.jpg; sourceTree = "<group>"; };
		70A27744252EAAE8006B367C /* hiddenlake.jpg */ = {isa = PBXFileReference; lastKnownFileType = image.jpeg; path = hiddenlake.jpg; sourceTree = "<group>"; };
		70A27745252EAAE8006B367C /* twinlake.jpg */ = {isa = PBXFileReference; lastKnownFileType = image.jpeg; path = twinlake.jpg; sourceTree = "<group>"; };
		70A27746252EAAE8006B367C /* umbagog.jpg */ = {isa = PBXFileReference; lastKnownFileType = image.jpeg; path = umbagog.jpg; sourceTree = "<group>"; };
		70A27747252EAAE8006B367C /* landmarkData.json */ = {isa = PBXFileReference; fileEncoding = 4; lastKnownFileType = text.json; path = landmarkData.json; sourceTree = "<group>"; };
		70A27748252EAAE8006B367C /* chincoteague.jpg */ = {isa = PBXFileReference; lastKnownFileType = image.jpeg; path = chincoteague.jpg; sourceTree = "<group>"; };
		70A27749252EAAE8006B367C /* stmarylake.jpg */ = {isa = PBXFileReference; lastKnownFileType = image.jpeg; path = stmarylake.jpg; sourceTree = "<group>"; };
		70A2774A252EAAE8006B367C /* chilkoottrail.jpg */ = {isa = PBXFileReference; lastKnownFileType = image.jpeg; path = chilkoottrail.jpg; sourceTree = "<group>"; };
		70A2774B252EAAE8006B367C /* rainbowlake.jpg */ = {isa = PBXFileReference; lastKnownFileType = image.jpeg; path = rainbowlake.jpg; sourceTree = "<group>"; };
		70FACE3D252D8279008E2F0C /* LandmarkList.swift */ = {isa = PBXFileReference; lastKnownFileType = sourcecode.swift; path = LandmarkList.swift; sourceTree = "<group>"; };
/* End PBXFileReference section */

/* Begin PBXFrameworksBuildPhase section */
		7085FC45252D71C300925E56 /* Frameworks */ = {
			isa = PBXFrameworksBuildPhase;
			buildActionMask = 2147483647;
			files = (
			);
			runOnlyForDeploymentPostprocessing = 0;
		};
/* End PBXFrameworksBuildPhase section */

/* Begin PBXGroup section */
		7085FC3F252D71C300925E56 = {
			isa = PBXGroup;
			children = (
				7085FC4A252D71C300925E56 /* landmarks */,
				7085FC49252D71C300925E56 /* Products */,
			);
			sourceTree = "<group>";
		};
		7085FC49252D71C300925E56 /* Products */ = {
			isa = PBXGroup;
			children = (
				7085FC48252D71C300925E56 /* landmarks.app */,
			);
			name = Products;
			sourceTree = "<group>";
		};
		7085FC4A252D71C300925E56 /* landmarks */ = {
			isa = PBXGroup;
			children = (
				70A2773E252EAAE8006B367C /* Resources */,
				70A27739252EAAD2006B367C /* Models */,
				7085FC4B252D71C300925E56 /* AppDelegate.swift */,
				7085FC4D252D71C300925E56 /* SceneDelegate.swift */,
				7085FC4F252D71C300925E56 /* LandmarkDetail.swift */,
				7085FC67252D77F100925E56 /* LandmarkRow.swift */,
				70FACE3D252D8279008E2F0C /* LandmarkList.swift */,
				7085FC51252D71C500925E56 /* Assets.xcassets */,
				7085FC5F252D737E00925E56 /* CircleImage.swift */,
				7085FC61252D742A00925E56 /* MapView.swift */,
				7085FC56252D71C500925E56 /* LaunchScreen.storyboard */,
				7085FC59252D71C500925E56 /* Info.plist */,
				7085FC53252D71C500925E56 /* Preview Content */,
			);
			path = landmarks;
			sourceTree = "<group>";
		};
		7085FC53252D71C500925E56 /* Preview Content */ = {
			isa = PBXGroup;
			children = (
				7085FC54252D71C500925E56 /* Preview Assets.xcassets */,
			);
			path = "Preview Content";
			sourceTree = "<group>";
		};
		70A27739252EAAD2006B367C /* Models */ = {
			isa = PBXGroup;
			children = (
				70A2773A252EAAD2006B367C /* Data.swift */,
				70A2773B252EAAD2006B367C /* Landmark.swift */,
			);
			path = Models;
			sourceTree = "<group>";
		};
		70A2773E252EAAE8006B367C /* Resources */ = {
			isa = PBXGroup;
			children = (
				70A2773F252EAAE8006B367C /* charleyrivers.jpg */,
				70A27740252EAAE8006B367C /* turtlerock.jpg */,
				70A27741252EAAE8006B367C /* silversalmoncreek.jpg */,
				70A27742252EAAE8006B367C /* icybay.jpg */,
				70A27743252EAAE8006B367C /* lakemcdonald.jpg */,
				70A27744252EAAE8006B367C /* hiddenlake.jpg */,
				70A27745252EAAE8006B367C /* twinlake.jpg */,
				70A27746252EAAE8006B367C /* umbagog.jpg */,
				70A27747252EAAE8006B367C /* landmarkData.json */,
				70A27748252EAAE8006B367C /* chincoteague.jpg */,
				70A27749252EAAE8006B367C /* stmarylake.jpg */,
				70A2774A252EAAE8006B367C /* chilkoottrail.jpg */,
				70A2774B252EAAE8006B367C /* rainbowlake.jpg */,
			);
			name = Resources;
			path = ../../../../../Downloads/HandlingUserInput/StartingPoint/Landmarks/Landmarks/Resources;
			sourceTree = "<group>";
		};
/* End PBXGroup section */

/* Begin PBXNativeTarget section */
		7085FC47252D71C300925E56 /* landmarks */ = {
			isa = PBXNativeTarget;
			buildConfigurationList = 7085FC5C252D71C500925E56 /* Build configuration list for PBXNativeTarget "landmarks" */;
			buildPhases = (
				7085FC44252D71C300925E56 /* Sources */,
				7085FC45252D71C300925E56 /* Frameworks */,
				7085FC46252D71C300925E56 /* Resources */,
			);
			buildRules = (
			);
			dependencies = (
			);
			name = landmarks;
			productName = landmarks;
			productReference = 7085FC48252D71C300925E56 /* landmarks.app */;
			productType = "com.apple.product-type.application";
		};
/* End PBXNativeTarget section */

/* Begin PBXProject section */
		7085FC40252D71C300925E56 /* Project object */ = {
			isa = PBXProject;
			attributes = {
				LastSwiftUpdateCheck = 1150;
				LastUpgradeCheck = 1150;
				ORGANIZATIONNAME = "Luqman Abdurrohman";
				TargetAttributes = {
					7085FC47252D71C300925E56 = {
						CreatedOnToolsVersion = 11.5;
					};
				};
			};
			buildConfigurationList = 7085FC43252D71C300925E56 /* Build configuration list for PBXProject "landmarks" */;
			compatibilityVersion = "Xcode 9.3";
			developmentRegion = en;
			hasScannedForEncodings = 0;
			knownRegions = (
				en,
				Base,
			);
			mainGroup = 7085FC3F252D71C300925E56;
			productRefGroup = 7085FC49252D71C300925E56 /* Products */;
			projectDirPath = "";
			projectRoot = "";
			targets = (
				7085FC47252D71C300925E56 /* landmarks */,
			);
		};
/* End PBXProject section */

/* Begin PBXResourcesBuildPhase section */
		7085FC46252D71C300925E56 /* Resources */ = {
			isa = PBXResourcesBuildPhase;
			buildActionMask = 2147483647;
			files = (
				7085FC58252D71C500925E56 /* LaunchScreen.storyboard in Resources */,
				7085FC55252D71C500925E56 /* Preview Assets.xcassets in Resources */,
				7085FC52252D71C500925E56 /* Assets.xcassets in Resources */,
				70A2774E252EAAE8006B367C /* silversalmoncreek.jpg in Resources */,
				70A2774C252EAAE8006B367C /* charleyrivers.jpg in Resources */,
				70A27755252EAAE8006B367C /* chincoteague.jpg in Resources */,
				70A27756252EAAE8006B367C /* stmarylake.jpg in Resources */,
				70A27754252EAAE8006B367C /* landmarkData.json in Resources */,
				70A2774F252EAAE8006B367C /* icybay.jpg in Resources */,
				70A27752252EAAE8006B367C /* twinlake.jpg in Resources */,
				70A27750252EAAE8006B367C /* lakemcdonald.jpg in Resources */,
				70A27751252EAAE8006B367C /* hiddenlake.jpg in Resources */,
				70A27753252EAAE8006B367C /* umbagog.jpg in Resources */,
				70A27758252EAAE8006B367C /* rainbowlake.jpg in Resources */,
				70A27757252EAAE8006B367C /* chilkoottrail.jpg in Resources */,
				70A2774D252EAAE8006B367C /* turtlerock.jpg in Resources */,
			);
			runOnlyForDeploymentPostprocessing = 0;
		};
/* End PBXResourcesBuildPhase section */

/* Begin PBXSourcesBuildPhase section */
		7085FC44252D71C300925E56 /* Sources */ = {
			isa = PBXSourcesBuildPhase;
			buildActionMask = 2147483647;
			files = (
				7085FC4C252D71C300925E56 /* AppDelegate.swift in Sources */,
				7085FC60252D737E00925E56 /* CircleImage.swift in Sources */,
				70FACE3E252D8279008E2F0C /* LandmarkList.swift in Sources */,
				7085FC68252D77F100925E56 /* LandmarkRow.swift in Sources */,
				7085FC62252D742A00925E56 /* MapView.swift in Sources */,
				70A2773D252EAAD2006B367C /* Landmark.swift in Sources */,
				7085FC4E252D71C300925E56 /* SceneDelegate.swift in Sources */,
				7085FC50252D71C300925E56 /* LandmarkDetail.swift in Sources */,
				70A2773C252EAAD2006B367C /* Data.swift in Sources */,
			);
			runOnlyForDeploymentPostprocessing = 0;
		};
/* End PBXSourcesBuildPhase section */

/* Begin PBXVariantGroup section */
		7085FC56252D71C500925E56 /* LaunchScreen.storyboard */ = {
			isa = PBXVariantGroup;
			children = (
				7085FC57252D71C500925E56 /* Base */,
			);
			name = LaunchScreen.storyboard;
			sourceTree = "<group>";
		};
/* End PBXVariantGroup section */

/* Begin XCBuildConfiguration section */
		7085FC5A252D71C500925E56 /* Debug */ = {
			isa = XCBuildConfiguration;
			buildSettings = {
				ALWAYS_SEARCH_USER_PATHS = NO;
				CLANG_ANALYZER_NONNULL = YES;
				CLANG_ANALYZER_NUMBER_OBJECT_CONVERSION = YES_AGGRESSIVE;
				CLANG_CXX_LANGUAGE_STANDARD = "gnu++14";
				CLANG_CXX_LIBRARY = "libc++";
				CLANG_ENABLE_MODULES = YES;
				CLANG_ENABLE_OBJC_ARC = YES;
				CLANG_ENABLE_OBJC_WEAK = YES;
				CLANG_WARN_BLOCK_CAPTURE_AUTORELEASING = YES;
				CLANG_WARN_BOOL_CONVERSION = YES;
				CLANG_WARN_COMMA = YES;
				CLANG_WARN_CONSTANT_CONVERSION = YES;
				CLANG_WARN_DEPRECATED_OBJC_IMPLEMENTATIONS = YES;
				CLANG_WARN_DIRECT_OBJC_ISA_USAGE = YES_ERROR;
				CLANG_WARN_DOCUMENTATION_COMMENTS = YES;
				CLANG_WARN_EMPTY_BODY = YES;
				CLANG_WARN_ENUM_CONVERSION = YES;
				CLANG_WARN_INFINITE_RECURSION = YES;
				CLANG_WARN_INT_CONVERSION = YES;
				CLANG_WARN_NON_LITERAL_NULL_CONVERSION = YES;
				CLANG_WARN_OBJC_IMPLICIT_RETAIN_SELF = YES;
				CLANG_WARN_OBJC_LITERAL_CONVERSION = YES;
				CLANG_WARN_OBJC_ROOT_CLASS = YES_ERROR;
				CLANG_WARN_RANGE_LOOP_ANALYSIS = YES;
				CLANG_WARN_STRICT_PROTOTYPES = YES;
				CLANG_WARN_SUSPICIOUS_MOVE = YES;
				CLANG_WARN_UNGUARDED_AVAILABILITY = YES_AGGRESSIVE;
				CLANG_WARN_UNREACHABLE_CODE = YES;
				CLANG_WARN__DUPLICATE_METHOD_MATCH = YES;
				COPY_PHASE_STRIP = NO;
				DEBUG_INFORMATION_FORMAT = dwarf;
				ENABLE_STRICT_OBJC_MSGSEND = YES;
				ENABLE_TESTABILITY = YES;
				GCC_C_LANGUAGE_STANDARD = gnu11;
				GCC_DYNAMIC_NO_PIC = NO;
				GCC_NO_COMMON_BLOCKS = YES;
				GCC_OPTIMIZATION_LEVEL = 0;
				GCC_PREPROCESSOR_DEFINITIONS = (
					"DEBUG=1",
					"$(inherited)",
				);
				GCC_WARN_64_TO_32_BIT_CONVERSION = YES;
				GCC_WARN_ABOUT_RETURN_TYPE = YES_ERROR;
				GCC_WARN_UNDECLARED_SELECTOR = YES;
				GCC_WARN_UNINITIALIZED_AUTOS = YES_AGGRESSIVE;
				GCC_WARN_UNUSED_FUNCTION = YES;
				GCC_WARN_UNUSED_VARIABLE = YES;
				IPHONEOS_DEPLOYMENT_TARGET = 13.5;
				MTL_ENABLE_DEBUG_INFO = INCLUDE_SOURCE;
				MTL_FAST_MATH = YES;
				ONLY_ACTIVE_ARCH = YES;
				SDKROOT = iphoneos;
				SWIFT_ACTIVE_COMPILATION_CONDITIONS = DEBUG;
				SWIFT_OPTIMIZATION_LEVEL = "-Onone";
			};
			name = Debug;
		};
		7085FC5B252D71C500925E56 /* Release */ = {
			isa = XCBuildConfiguration;
			buildSettings = {
				ALWAYS_SEARCH_USER_PATHS = NO;
				CLANG_ANALYZER_NONNULL = YES;
				CLANG_ANALYZER_NUMBER_OBJECT_CONVERSION = YES_AGGRESSIVE;
				CLANG_CXX_LANGUAGE_STANDARD = "gnu++14";
				CLANG_CXX_LIBRARY = "libc++";
				CLANG_ENABLE_MODULES = YES;
				CLANG_ENABLE_OBJC_ARC = YES;
				CLANG_ENABLE_OBJC_WEAK = YES;
				CLANG_WARN_BLOCK_CAPTURE_AUTORELEASING = YES;
				CLANG_WARN_BOOL_CONVERSION = YES;
				CLANG_WARN_COMMA = YES;
				CLANG_WARN_CONSTANT_CONVERSION = YES;
				CLANG_WARN_DEPRECATED_OBJC_IMPLEMENTATIONS = YES;
				CLANG_WARN_DIRECT_OBJC_ISA_USAGE = YES_ERROR;
				CLANG_WARN_DOCUMENTATION_COMMENTS = YES;
				CLANG_WARN_EMPTY_BODY = YES;
				CLANG_WARN_ENUM_CONVERSION = YES;
				CLANG_WARN_INFINITE_RECURSION = YES;
				CLANG_WARN_INT_CONVERSION = YES;
				CLANG_WARN_NON_LITERAL_NULL_CONVERSION = YES;
				CLANG_WARN_OBJC_IMPLICIT_RETAIN_SELF = YES;
				CLANG_WARN_OBJC_LITERAL_CONVERSION = YES;
				CLANG_WARN_OBJC_ROOT_CLASS = YES_ERROR;
				CLANG_WARN_RANGE_LOOP_ANALYSIS = YES;
				CLANG_WARN_STRICT_PROTOTYPES = YES;
				CLANG_WARN_SUSPICIOUS_MOVE = YES;
				CLANG_WARN_UNGUARDED_AVAILABILITY = YES_AGGRESSIVE;
				CLANG_WARN_UNREACHABLE_CODE = YES;
				CLANG_WARN__DUPLICATE_METHOD_MATCH = YES;
				COPY_PHASE_STRIP = NO;
				DEBUG_INFORMATION_FORMAT = "dwarf-with-dsym";
				ENABLE_NS_ASSERTIONS = NO;
				ENABLE_STRICT_OBJC_MSGSEND = YES;
				GCC_C_LANGUAGE_STANDARD = gnu11;
				GCC_NO_COMMON_BLOCKS = YES;
				GCC_WARN_64_TO_32_BIT_CONVERSION = YES;
				GCC_WARN_ABOUT_RETURN_TYPE = YES_ERROR;
				GCC_WARN_UNDECLARED_SELECTOR = YES;
				GCC_WARN_UNINITIALIZED_AUTOS = YES_AGGRESSIVE;
				GCC_WARN_UNUSED_FUNCTION = YES;
				GCC_WARN_UNUSED_VARIABLE = YES;
				IPHONEOS_DEPLOYMENT_TARGET = 13.5;
				MTL_ENABLE_DEBUG_INFO = NO;
				MTL_FAST_MATH = YES;
				SDKROOT = iphoneos;
				SWIFT_COMPILATION_MODE = wholemodule;
				SWIFT_OPTIMIZATION_LEVEL = "-O";
				VALIDATE_PRODUCT = YES;
			};
			name = Release;
		};
		7085FC5D252D71C500925E56 /* Debug */ = {
			isa = XCBuildConfiguration;
			buildSettings = {
				ASSETCATALOG_COMPILER_APPICON_NAME = AppIcon;
				CODE_SIGN_STYLE = Automatic;
				DEVELOPMENT_ASSET_PATHS = landmarks/Assets.xcassets;
				DEVELOPMENT_TEAM = S28M6555LX;
				ENABLE_PREVIEWS = YES;
				INFOPLIST_FILE = landmarks/Info.plist;
				LD_RUNPATH_SEARCH_PATHS = (
					"$(inherited)",
					"@executable_path/Frameworks",
				);
				PRODUCT_BUNDLE_IDENTIFIER = luggy.landmarks;
				PRODUCT_NAME = "$(TARGET_NAME)";
				SWIFT_VERSION = 5.0;
				TARGETED_DEVICE_FAMILY = "1,2";
			};
			name = Debug;
		};
		7085FC5E252D71C500925E56 /* Release */ = {
			isa = XCBuildConfiguration;
			buildSettings = {
				ASSETCATALOG_COMPILER_APPICON_NAME = AppIcon;
				CODE_SIGN_STYLE = Automatic;
				DEVELOPMENT_ASSET_PATHS = landmarks/Assets.xcassets;
				DEVELOPMENT_TEAM = S28M6555LX;
				ENABLE_PREVIEWS = YES;
				INFOPLIST_FILE = landmarks/Info.plist;
				LD_RUNPATH_SEARCH_PATHS = (
					"$(inherited)",
					"@executable_path/Frameworks",
				);
				PRODUCT_BUNDLE_IDENTIFIER = luggy.landmarks;
				PRODUCT_NAME = "$(TARGET_NAME)";
				SWIFT_VERSION = 5.0;
				TARGETED_DEVICE_FAMILY = "1,2";
			};
			name = Release;
		};
/* End XCBuildConfiguration section */

/* Begin XCConfigurationList section */
		7085FC43252D71C300925E56 /* Build configuration list for PBXProject "landmarks" */ = {
			isa = XCConfigurationList;
			buildConfigurations = (
				7085FC5A252D71C500925E56 /* Debug */,
				7085FC5B252D71C500925E56 /* Release */,
			);
			defaultConfigurationIsVisible = 0;
			defaultConfigurationName = Release;
		};
		7085FC5C252D71C500925E56 /* Build configuration list for PBXNativeTarget "landmarks" */ = {
			isa = XCConfigurationList;
			buildConfigurations = (
				7085FC5D252D71C500925E56 /* Debug */,
				7085FC5E252D71C500925E56 /* Release */,
			);
			defaultConfigurationIsVisible = 0;
			defaultConfigurationName = Release;
		};
/* End XCConfigurationList section */
	};
	rootObject = 7085FC40252D71C300925E56 /* Project object */;
}
